
Microsoft Visual Studio Solution File, Format Version 12.00
# Visual Studio Version 16
VisualStudioVersion = 16.0.30517.126
MinimumVisualStudioVersion = 10.0.40219.1
Project("{FAE04EC0-301F-11D3-BF4B-00C04F79EFBC}") = "IQ_Test", "IQ_Test.csproj", "{839DA78F-90F9-4159-9092-D5E8D1D10810}"
EndProject
Global
	GlobalSection(SolutionConfigurationPlatforms) = preSolution
		Debug|Any CPU = Debug|Any CPU
		Release|Any CPU = Release|Any CPU
	EndGlobalSection
	GlobalSection(ProjectConfigurationPlatforms) = postSolution
		{839DA78F-90F9-4159-9092-D5E8D1D10810}.Debug|Any CPU.ActiveCfg = Debug|Any CPU
		{839DA78F-90F9-4159-9092-D5E8D1D10810}.Debug|Any CPU.Build.0 = Debug|Any CPU
		{839DA78F-90F9-4159-9092-D5E8D1D10810}.Release|Any CPU.ActiveCfg = Release|Any CPU
		{839DA78F-90F9-4159-9092-D5E8D1D10810}.Release|Any CPU.Build.0 = Release|Any CPU
	EndGlobalSection
	GlobalSection(SolutionProperties) = preSolution
		HideSolutionNode = FALSE
	EndGlobalSection
	GlobalSection(ExtensibilityGlobals) = postSolution
		SolutionGuid = {D0C75282-85DC-4158-8325-3B5039A7F756}
	EndGlobalSection
EndGlobal
